// !$*UTF8*$!
{
	archiveVersion = 1;
	classes = {
	};
	objectVersion = 56;
	objects = {

/* Begin PBXBuildFile section */
		223ED0D02DD86A6900143C0A /* SportsViewController.swift in Sources */ = {isa = PBXBuildFile; fileRef = 223ED0CF2DD86A6900143C0A /* SportsViewController.swift */; };
		223ED0D42DD86C6900143C0A /* SportCell.swift in Sources */ = {isa = PBXBuildFile; fileRef = 223ED0D32DD86C6900143C0A /* SportCell.swift */; };
		225B46122DD7049200AFFC0A /* AppDelegate.swift in Sources */ = {isa = PBXBuildFile; fileRef = 225B46112DD7049200AFFC0A /* AppDelegate.swift */; };
		225B46142DD7049200AFFC0A /* SceneDelegate.swift in Sources */ = {isa = PBXBuildFile; fileRef = 225B46132DD7049200AFFC0A /* SceneDelegate.swift */; };
		225B46162DD7049200AFFC0A /* ViewController.swift in Sources */ = {isa = PBXBuildFile; fileRef = 225B46152DD7049200AFFC0A /* ViewController.swift */; };
		225B46192DD7049200AFFC0A /* Main.storyboard in Resources */ = {isa = PBXBuildFile; fileRef = 225B46172DD7049200AFFC0A /* Main.storyboard */; };
		225B461C2DD7049200AFFC0A /* ScoreSphere.xcdatamodeld in Sources */ = {isa = PBXBuildFile; fileRef = 225B461A2DD7049200AFFC0A /* ScoreSphere.xcdatamodeld */; };
		225B461E2DD7049400AFFC0A /* Assets.xcassets in Resources */ = {isa = PBXBuildFile; fileRef = 225B461D2DD7049400AFFC0A /* Assets.xcassets */; };
		225B46212DD7049400AFFC0A /* LaunchScreen.storyboard in Resources */ = {isa = PBXBuildFile; fileRef = 225B461F2DD7049400AFFC0A /* LaunchScreen.storyboard */; };
		228BE5A62DD96FD8001095B3 /* League .swift in Sources */ = {isa = PBXBuildFile; fileRef = 228BE5A52DD96FD8001095B3 /* League .swift */; };
		228BE5A82DD9700D001095B3 /*  Protocols.swift in Sources */ = {isa = PBXBuildFile; fileRef = 228BE5A72DD9700D001095B3 /*  Protocols.swift */; };
		228BE5AA2DD97032001095B3 /* LeaguesPresenter.swift in Sources */ = {isa = PBXBuildFile; fileRef = 228BE5A92DD97032001095B3 /* LeaguesPresenter.swift */; };
		228BE5AC2DD97175001095B3 /* leaguesTableViewController.swift in Sources */ = {isa = PBXBuildFile; fileRef = 228BE5AB2DD97175001095B3 /* leaguesTableViewController.swift */; };
		228BE5AE2DD972B6001095B3 /* LeagueTableViewCell.swift in Sources */ = {isa = PBXBuildFile; fileRef = 228BE5AD2DD972B6001095B3 /* LeagueTableViewCell.swift */; };
		22A7BEA02DD88325006DA982 /* TeamsViewControllerTableViewController.swift in Sources */ = {isa = PBXBuildFile; fileRef = 22A7BE9F2DD88325006DA982 /* TeamsViewControllerTableViewController.swift */; };
		22A7BEA22DD88368006DA982 /* Team.swift in Sources */ = {isa = PBXBuildFile; fileRef = 22A7BEA12DD88368006DA982 /* Team.swift */; };
		22A7BEA42DD883BC006DA982 /* TeamPresente.swift in Sources */ = {isa = PBXBuildFile; fileRef = 22A7BEA32DD883BC006DA982 /* TeamPresente.swift */; };
		22A7BEA92DD8863D006DA982 /* TableViewCell.swift in Sources */ = {isa = PBXBuildFile; fileRef = 22A7BEA82DD8863D006DA982 /* TableViewCell.swift */; };
		22BDDA1E2DDA93F300D4BB28 /* TeamStanding.swift in Sources */ = {isa = PBXBuildFile; fileRef = 22BDDA1D2DDA93F300D4BB28 /* TeamStanding.swift */; };
		22DC65052DD783D500E5DCFC /* Alamofire in Frameworks */ = {isa = PBXBuildFile; productRef = 22DC65042DD783D500E5DCFC /* Alamofire */; };
		22DC65072DD783D500E5DCFC /* AlamofireDynamic in Frameworks */ = {isa = PBXBuildFile; productRef = 22DC65062DD783D500E5DCFC /* AlamofireDynamic */; };
		22DC650A2DD783EE00E5DCFC /* SDWebImage in Frameworks */ = {isa = PBXBuildFile; productRef = 22DC65092DD783EE00E5DCFC /* SDWebImage */; };
		22DC650C2DD783EE00E5DCFC /* SDWebImageMapKit in Frameworks */ = {isa = PBXBuildFile; productRef = 22DC650B2DD783EE00E5DCFC /* SDWebImageMapKit */; };
		22FD705A2DD8FD4C00E97F77 /* leagueDetailsCollectionViewController.swift in Sources */ = {isa = PBXBuildFile; fileRef = 22FD70592DD8FD4C00E97F77 /* leagueDetailsCollectionViewController.swift */; };
		22FD705C2DD9008F00E97F77 /* Event.swift in Sources */ = {isa = PBXBuildFile; fileRef = 22FD705B2DD9008F00E97F77 /* Event.swift */; };
		22FD70612DD9019F00E97F77 /* UpcomingEventCell.swift in Sources */ = {isa = PBXBuildFile; fileRef = 22FD70602DD9019F00E97F77 /* UpcomingEventCell.swift */; };
		22FD70632DD901D900E97F77 /* LatestEventCell.swift in Sources */ = {isa = PBXBuildFile; fileRef = 22FD70622DD901D900E97F77 /* LatestEventCell.swift */; };
		22FD70652DD9020000E97F77 /* TeamCell.swift in Sources */ = {isa = PBXBuildFile; fileRef = 22FD70642DD9020000E97F77 /* TeamCell.swift */; };
		22FD70672DD90B6100E97F77 /* Fixture.swift in Sources */ = {isa = PBXBuildFile; fileRef = 22FD70662DD90B6100E97F77 /* Fixture.swift */; };
		22FD706B2DD90C9500E97F77 /* NetworkManager.swift in Sources */ = {isa = PBXBuildFile; fileRef = 22FD706A2DD90C9500E97F77 /* NetworkManager.swift */; };
/* End PBXBuildFile section */

/* Begin PBXFileReference section */
		223ED0CF2DD86A6900143C0A /* SportsViewController.swift */ = {isa = PBXFileReference; lastKnownFileType = sourcecode.swift; path = SportsViewController.swift; sourceTree = "<group>"; };
		223ED0D32DD86C6900143C0A /* SportCell.swift */ = {isa = PBXFileReference; lastKnownFileType = sourcecode.swift; path = SportCell.swift; sourceTree = "<group>"; };
		225B460E2DD7049200AFFC0A /* ScoreSphere.app */ = {isa = PBXFileReference; explicitFileType = wrapper.application; includeInIndex = 0; path = ScoreSphere.app; sourceTree = BUILT_PRODUCTS_DIR; };
		225B46112DD7049200AFFC0A /* AppDelegate.swift */ = {isa = PBXFileReference; lastKnownFileType = sourcecode.swift; path = AppDelegate.swift; sourceTree = "<group>"; };
		225B46132DD7049200AFFC0A /* SceneDelegate.swift */ = {isa = PBXFileReference; lastKnownFileType = sourcecode.swift; path = SceneDelegate.swift; sourceTree = "<group>"; };
		225B46152DD7049200AFFC0A /* ViewController.swift */ = {isa = PBXFileReference; lastKnownFileType = sourcecode.swift; path = ViewController.swift; sourceTree = "<group>"; };
		225B46182DD7049200AFFC0A /* Base */ = {isa = PBXFileReference; lastKnownFileType = file.storyboard; name = Base; path = Base.lproj/Main.storyboard; sourceTree = "<group>"; };
		225B461B2DD7049200AFFC0A /* ScoreSphere.xcdatamodel */ = {isa = PBXFileReference; lastKnownFileType = wrapper.xcdatamodel; path = ScoreSphere.xcdatamodel; sourceTree = "<group>"; };
		225B461D2DD7049400AFFC0A /* Assets.xcassets */ = {isa = PBXFileReference; lastKnownFileType = folder.assetcatalog; path = Assets.xcassets; sourceTree = "<group>"; };
		225B46202DD7049400AFFC0A /* Base */ = {isa = PBXFileReference; lastKnownFileType = file.storyboard; name = Base; path = Base.lproj/LaunchScreen.storyboard; sourceTree = "<group>"; };
		225B46222DD7049400AFFC0A /* Info.plist */ = {isa = PBXFileReference; lastKnownFileType = text.plist.xml; path = Info.plist; sourceTree = "<group>"; };
		228BE5A52DD96FD8001095B3 /* League .swift */ = {isa = PBXFileReference; lastKnownFileType = sourcecode.swift; path = "League .swift"; sourceTree = "<group>"; };
		228BE5A72DD9700D001095B3 /*  Protocols.swift */ = {isa = PBXFileReference; lastKnownFileType = sourcecode.swift; path = " Protocols.swift"; sourceTree = "<group>"; };
		228BE5A92DD97032001095B3 /* LeaguesPresenter.swift */ = {isa = PBXFileReference; lastKnownFileType = sourcecode.swift; path = LeaguesPresenter.swift; sourceTree = "<group>"; };
		228BE5AB2DD97175001095B3 /* leaguesTableViewController.swift */ = {isa = PBXFileReference; lastKnownFileType = sourcecode.swift; path = leaguesTableViewController.swift; sourceTree = "<group>"; };
		228BE5AD2DD972B6001095B3 /* LeagueTableViewCell.swift */ = {isa = PBXFileReference; lastKnownFileType = sourcecode.swift; path = LeagueTableViewCell.swift; sourceTree = "<group>"; };
		22A7BE9F2DD88325006DA982 /* TeamsViewControllerTableViewController.swift */ = {isa = PBXFileReference; lastKnownFileType = sourcecode.swift; path = TeamsViewControllerTableViewController.swift; sourceTree = "<group>"; };
		22A7BEA12DD88368006DA982 /* Team.swift */ = {isa = PBXFileReference; lastKnownFileType = sourcecode.swift; path = Team.swift; sourceTree = "<group>"; };
		22A7BEA32DD883BC006DA982 /* TeamPresente.swift */ = {isa = PBXFileReference; lastKnownFileType = sourcecode.swift; path = TeamPresente.swift; sourceTree = "<group>"; };
		22A7BEA82DD8863D006DA982 /* TableViewCell.swift */ = {isa = PBXFileReference; lastKnownFileType = sourcecode.swift; path = TableViewCell.swift; sourceTree = "<group>"; };
		22BDDA1D2DDA93F300D4BB28 /* TeamStanding.swift */ = {isa = PBXFileReference; lastKnownFileType = sourcecode.swift; path = TeamStanding.swift; sourceTree = "<group>"; };
		22FD70592DD8FD4C00E97F77 /* leagueDetailsCollectionViewController.swift */ = {isa = PBXFileReference; lastKnownFileType = sourcecode.swift; path = leagueDetailsCollectionViewController.swift; sourceTree = "<group>"; };
		22FD705B2DD9008F00E97F77 /* Event.swift */ = {isa = PBXFileReference; lastKnownFileType = sourcecode.swift; path = Event.swift; sourceTree = "<group>"; };
		22FD70602DD9019F00E97F77 /* UpcomingEventCell.swift */ = {isa = PBXFileReference; lastKnownFileType = sourcecode.swift; path = UpcomingEventCell.swift; sourceTree = "<group>"; };
		22FD70622DD901D900E97F77 /* LatestEventCell.swift */ = {isa = PBXFileReference; lastKnownFileType = sourcecode.swift; path = LatestEventCell.swift; sourceTree = "<group>"; };
		22FD70642DD9020000E97F77 /* TeamCell.swift */ = {isa = PBXFileReference; lastKnownFileType = sourcecode.swift; path = TeamCell.swift; sourceTree = "<group>"; };
		22FD70662DD90B6100E97F77 /* Fixture.swift */ = {isa = PBXFileReference; lastKnownFileType = sourcecode.swift; path = Fixture.swift; sourceTree = "<group>"; };
		22FD706A2DD90C9500E97F77 /* NetworkManager.swift */ = {isa = PBXFileReference; lastKnownFileType = sourcecode.swift; path = NetworkManager.swift; sourceTree = "<group>"; };
/* End PBXFileReference section */

/* Begin PBXFrameworksBuildPhase section */
		225B460B2DD7049200AFFC0A /* Frameworks */ = {
			isa = PBXFrameworksBuildPhase;
			buildActionMask = 2147483647;
			files = (
				22DC650A2DD783EE00E5DCFC /* SDWebImage in Frameworks */,
				22DC65052DD783D500E5DCFC /* Alamofire in Frameworks */,
				22DC650C2DD783EE00E5DCFC /* SDWebImageMapKit in Frameworks */,
				22DC65072DD783D500E5DCFC /* AlamofireDynamic in Frameworks */,
			);
			runOnlyForDeploymentPostprocessing = 0;
		};
/* End PBXFrameworksBuildPhase section */

/* Begin PBXGroup section */
		223ED0CE2DD86A4F00143C0A /* Home */ = {
			isa = PBXGroup;
			children = (
				22A7BEA52DD88445006DA982 /* TeamCell */,
				223ED0D22DD86C1800143C0A /* SportCell */,
				223ED0CF2DD86A6900143C0A /* SportsViewController.swift */,
				22A7BE9F2DD88325006DA982 /* TeamsViewControllerTableViewController.swift */,
			);
			path = Home;
			sourceTree = "<group>";
		};
		223ED0D22DD86C1800143C0A /* SportCell */ = {
			isa = PBXGroup;
			children = (
				223ED0D32DD86C6900143C0A /* SportCell.swift */,
			);
			path = SportCell;
			sourceTree = "<group>";
		};
		225B46052DD7049200AFFC0A = {
			isa = PBXGroup;
			children = (
				225B46102DD7049200AFFC0A /* ScoreSphere */,
				225B460F2DD7049200AFFC0A /* Products */,
			);
			sourceTree = "<group>";
		};
		225B460F2DD7049200AFFC0A /* Products */ = {
			isa = PBXGroup;
			children = (
				225B460E2DD7049200AFFC0A /* ScoreSphere.app */,
			);
			name = Products;
			sourceTree = "<group>";
		};
		225B46102DD7049200AFFC0A /* ScoreSphere */ = {
			isa = PBXGroup;
			children = (
				22FD70592DD8FD4C00E97F77 /* leagueDetailsCollectionViewController.swift */,
				22FD70602DD9019F00E97F77 /* UpcomingEventCell.swift */,
				22FD70622DD901D900E97F77 /* LatestEventCell.swift */,
				22FD70642DD9020000E97F77 /* TeamCell.swift */,
				225B462A2DD709FB00AFFC0A /* View */,
				225B46292DD709EE00AFFC0A /* Model */,
				225B46282DD709DE00AFFC0A /* Presenter */,
				225B46112DD7049200AFFC0A /* AppDelegate.swift */,
				225B46132DD7049200AFFC0A /* SceneDelegate.swift */,
				225B46152DD7049200AFFC0A /* ViewController.swift */,
				225B46172DD7049200AFFC0A /* Main.storyboard */,
				225B461D2DD7049400AFFC0A /* Assets.xcassets */,
				225B461F2DD7049400AFFC0A /* LaunchScreen.storyboard */,
				225B46222DD7049400AFFC0A /* Info.plist */,
				225B461A2DD7049200AFFC0A /* ScoreSphere.xcdatamodeld */,
			);
			path = ScoreSphere;
			sourceTree = "<group>";
		};
		225B46282DD709DE00AFFC0A /* Presenter */ = {
			isa = PBXGroup;
			children = (
				22A7BEA32DD883BC006DA982 /* TeamPresente.swift */,
				228BE5A92DD97032001095B3 /* LeaguesPresenter.swift */,
			);
			path = Presenter;
			sourceTree = "<group>";
		};
		225B46292DD709EE00AFFC0A /* Model */ = {
			isa = PBXGroup;
			children = (
				22FD706A2DD90C9500E97F77 /* NetworkManager.swift */,
				22A7BEA12DD88368006DA982 /* Team.swift */,
				228BE5A52DD96FD8001095B3 /* League .swift */,
				228BE5A72DD9700D001095B3 /*  Protocols.swift */,
				22FD705B2DD9008F00E97F77 /* Event.swift */,
				22FD70662DD90B6100E97F77 /* Fixture.swift */,
				22BDDA1D2DDA93F300D4BB28 /* TeamStanding.swift */,
			);
			path = Model;
			sourceTree = "<group>";
		};
		225B462A2DD709FB00AFFC0A /* View */ = {
			isa = PBXGroup;
			children = (
				223ED0CE2DD86A4F00143C0A /* Home */,
				228BE5AB2DD97175001095B3 /* leaguesTableViewController.swift */,
				228BE5AD2DD972B6001095B3 /* LeagueTableViewCell.swift */,
			);
			path = View;
			sourceTree = "<group>";
		};
		22A7BEA52DD88445006DA982 /* TeamCell */ = {
			isa = PBXGroup;
			children = (
				22A7BEA82DD8863D006DA982 /* TableViewCell.swift */,
			);
			path = TeamCell;
			sourceTree = "<group>";
		};
/* End PBXGroup section */

/* Begin PBXNativeTarget section */
		225B460D2DD7049200AFFC0A /* ScoreSphere */ = {
			isa = PBXNativeTarget;
			buildConfigurationList = 225B46252DD7049400AFFC0A /* Build configuration list for PBXNativeTarget "ScoreSphere" */;
			buildPhases = (
				225B460A2DD7049200AFFC0A /* Sources */,
				225B460B2DD7049200AFFC0A /* Frameworks */,
				225B460C2DD7049200AFFC0A /* Resources */,
			);
			buildRules = (
			);
			dependencies = (
			);
			name = ScoreSphere;
			packageProductDependencies = (
				22DC65042DD783D500E5DCFC /* Alamofire */,
				22DC65062DD783D500E5DCFC /* AlamofireDynamic */,
				22DC65092DD783EE00E5DCFC /* SDWebImage */,
				22DC650B2DD783EE00E5DCFC /* SDWebImageMapKit */,
			);
			productName = ScoreSphere;
			productReference = 225B460E2DD7049200AFFC0A /* ScoreSphere.app */;
			productType = "com.apple.product-type.application";
		};
/* End PBXNativeTarget section */

/* Begin PBXProject section */
		225B46062DD7049200AFFC0A /* Project object */ = {
			isa = PBXProject;
			attributes = {
				BuildIndependentTargetsInParallel = 1;
				LastSwiftUpdateCheck = 1500;
				LastUpgradeCheck = 1500;
				TargetAttributes = {
					225B460D2DD7049200AFFC0A = {
						CreatedOnToolsVersion = 15.0;
					};
				};
			};
			buildConfigurationList = 225B46092DD7049200AFFC0A /* Build configuration list for PBXProject "ScoreSphere" */;
			compatibilityVersion = "Xcode 14.0";
			developmentRegion = en;
			hasScannedForEncodings = 0;
			knownRegions = (
				en,
				Base,
			);
			mainGroup = 225B46052DD7049200AFFC0A;
			packageReferences = (
				22DC65032DD783D500E5DCFC /* XCRemoteSwiftPackageReference "Alamofire" */,
				22DC65082DD783EE00E5DCFC /* XCRemoteSwiftPackageReference "SDWebImage" */,
			);
			productRefGroup = 225B460F2DD7049200AFFC0A /* Products */;
			projectDirPath = "";
			projectRoot = "";
			targets = (
				225B460D2DD7049200AFFC0A /* ScoreSphere */,
			);
		};
/* End PBXProject section */

/* Begin PBXResourcesBuildPhase section */
		225B460C2DD7049200AFFC0A /* Resources */ = {
			isa = PBXResourcesBuildPhase;
			buildActionMask = 2147483647;
			files = (
				225B46212DD7049400AFFC0A /* LaunchScreen.storyboard in Resources */,
				225B461E2DD7049400AFFC0A /* Assets.xcassets in Resources */,
				225B46192DD7049200AFFC0A /* Main.storyboard in Resources */,
			);
			runOnlyForDeploymentPostprocessing = 0;
		};
/* End PBXResourcesBuildPhase section */

/* Begin PBXSourcesBuildPhase section */
		225B460A2DD7049200AFFC0A /* Sources */ = {
			isa = PBXSourcesBuildPhase;
			buildActionMask = 2147483647;
			files = (
				22FD706B2DD90C9500E97F77 /* NetworkManager.swift in Sources */,
				22FD70612DD9019F00E97F77 /* UpcomingEventCell.swift in Sources */,
				22FD705A2DD8FD4C00E97F77 /* leagueDetailsCollectionViewController.swift in Sources */,
				22FD70652DD9020000E97F77 /* TeamCell.swift in Sources */,
				225B46162DD7049200AFFC0A /* ViewController.swift in Sources */,
				228BE5AE2DD972B6001095B3 /* LeagueTableViewCell.swift in Sources */,
				22A7BEA02DD88325006DA982 /* TeamsViewControllerTableViewController.swift in Sources */,
				22A7BEA42DD883BC006DA982 /* TeamPresente.swift in Sources */,
				22FD705C2DD9008F00E97F77 /* Event.swift in Sources */,
				225B46122DD7049200AFFC0A /* AppDelegate.swift in Sources */,
				22FD70632DD901D900E97F77 /* LatestEventCell.swift in Sources */,
				22BDDA1E2DDA93F300D4BB28 /* TeamStanding.swift in Sources */,
				223ED0D02DD86A6900143C0A /* SportsViewController.swift in Sources */,
				228BE5A62DD96FD8001095B3 /* League .swift in Sources */,
				228BE5AC2DD97175001095B3 /* leaguesTableViewController.swift in Sources */,
				228BE5AA2DD97032001095B3 /* LeaguesPresenter.swift in Sources */,
				22A7BEA92DD8863D006DA982 /* TableViewCell.swift in Sources */,
				22A7BEA22DD88368006DA982 /* Team.swift in Sources */,
				228BE5A82DD9700D001095B3 /*  Protocols.swift in Sources */,
				225B46142DD7049200AFFC0A /* SceneDelegate.swift in Sources */,
				223ED0D42DD86C6900143C0A /* SportCell.swift in Sources */,
				225B461C2DD7049200AFFC0A /* ScoreSphere.xcdatamodeld in Sources */,
				22FD70672DD90B6100E97F77 /* Fixture.swift in Sources */,
			);
			runOnlyForDeploymentPostprocessing = 0;
		};
/* End PBXSourcesBuildPhase section */

/* Begin PBXVariantGroup section */
		225B46172DD7049200AFFC0A /* Main.storyboard */ = {
			isa = PBXVariantGroup;
			children = (
				225B46182DD7049200AFFC0A /* Base */,
			);
			name = Main.storyboard;
			sourceTree = "<group>";
		};
		225B461F2DD7049400AFFC0A /* LaunchScreen.storyboard */ = {
			isa = PBXVariantGroup;
			children = (
				225B46202DD7049400AFFC0A /* Base */,
			);
			name = LaunchScreen.storyboard;
			sourceTree = "<group>";
		};
/* End PBXVariantGroup section */

/* Begin XCBuildConfiguration section */
		225B46232DD7049400AFFC0A /* Debug */ = {
			isa = XCBuildConfiguration;
			buildSettings = {
				ALWAYS_SEARCH_USER_PATHS = NO;
				ASSETCATALOG_COMPILER_GENERATE_SWIFT_ASSET_SYMBOL_EXTENSIONS = YES;
				CLANG_ANALYZER_NONNULL = YES;
				CLANG_ANALYZER_NUMBER_OBJECT_CONVERSION = YES_AGGRESSIVE;
				CLANG_CXX_LANGUAGE_STANDARD = "gnu++20";
				CLANG_ENABLE_MODULES = YES;
				CLANG_ENABLE_OBJC_ARC = YES;
				CLANG_ENABLE_OBJC_WEAK = YES;
				CLANG_WARN_BLOCK_CAPTURE_AUTORELEASING = YES;
				CLANG_WARN_BOOL_CONVERSION = YES;
				CLANG_WARN_COMMA = YES;
				CLANG_WARN_CONSTANT_CONVERSION = YES;
				CLANG_WARN_DEPRECATED_OBJC_IMPLEMENTATIONS = YES;
				CLANG_WARN_DIRECT_OBJC_ISA_USAGE = YES_ERROR;
				CLANG_WARN_DOCUMENTATION_COMMENTS = YES;
				CLANG_WARN_EMPTY_BODY = YES;
				CLANG_WARN_ENUM_CONVERSION = YES;
				CLANG_WARN_INFINITE_RECURSION = YES;
				CLANG_WARN_INT_CONVERSION = YES;
				CLANG_WARN_NON_LITERAL_NULL_CONVERSION = YES;
				CLANG_WARN_OBJC_IMPLICIT_RETAIN_SELF = YES;
				CLANG_WARN_OBJC_LITERAL_CONVERSION = YES;
				CLANG_WARN_OBJC_ROOT_CLASS = YES_ERROR;
				CLANG_WARN_QUOTED_INCLUDE_IN_FRAMEWORK_HEADER = YES;
				CLANG_WARN_RANGE_LOOP_ANALYSIS = YES;
				CLANG_WARN_STRICT_PROTOTYPES = YES;
				CLANG_WARN_SUSPICIOUS_MOVE = YES;
				CLANG_WARN_UNGUARDED_AVAILABILITY = YES_AGGRESSIVE;
				CLANG_WARN_UNREACHABLE_CODE = YES;
				CLANG_WARN__DUPLICATE_METHOD_MATCH = YES;
				COPY_PHASE_STRIP = NO;
				DEBUG_INFORMATION_FORMAT = dwarf;
				ENABLE_STRICT_OBJC_MSGSEND = YES;
				ENABLE_TESTABILITY = YES;
				ENABLE_USER_SCRIPT_SANDBOXING = YES;
				GCC_C_LANGUAGE_STANDARD = gnu17;
				GCC_DYNAMIC_NO_PIC = NO;
				GCC_NO_COMMON_BLOCKS = YES;
				GCC_OPTIMIZATION_LEVEL = 0;
				GCC_PREPROCESSOR_DEFINITIONS = (
					"DEBUG=1",
					"$(inherited)",
				);
				GCC_WARN_64_TO_32_BIT_CONVERSION = YES;
				GCC_WARN_ABOUT_RETURN_TYPE = YES_ERROR;
				GCC_WARN_UNDECLARED_SELECTOR = YES;
				GCC_WARN_UNINITIALIZED_AUTOS = YES_AGGRESSIVE;
				GCC_WARN_UNUSED_FUNCTION = YES;
				GCC_WARN_UNUSED_VARIABLE = YES;
				IPHONEOS_DEPLOYMENT_TARGET = 17.0;
				LOCALIZATION_PREFERS_STRING_CATALOGS = YES;
				MTL_ENABLE_DEBUG_INFO = INCLUDE_SOURCE;
				MTL_FAST_MATH = YES;
				ONLY_ACTIVE_ARCH = YES;
				SDKROOT = iphoneos;
				SWIFT_ACTIVE_COMPILATION_CONDITIONS = "DEBUG $(inherited)";
				SWIFT_OPTIMIZATION_LEVEL = "-Onone";
			};
			name = Debug;
		};
		225B46242DD7049400AFFC0A /* Release */ = {
			isa = XCBuildConfiguration;
			buildSettings = {
				ALWAYS_SEARCH_USER_PATHS = NO;
				ASSETCATALOG_COMPILER_GENERATE_SWIFT_ASSET_SYMBOL_EXTENSIONS = YES;
				CLANG_ANALYZER_NONNULL = YES;
				CLANG_ANALYZER_NUMBER_OBJECT_CONVERSION = YES_AGGRESSIVE;
				CLANG_CXX_LANGUAGE_STANDARD = "gnu++20";
				CLANG_ENABLE_MODULES = YES;
				CLANG_ENABLE_OBJC_ARC = YES;
				CLANG_ENABLE_OBJC_WEAK = YES;
				CLANG_WARN_BLOCK_CAPTURE_AUTORELEASING = YES;
				CLANG_WARN_BOOL_CONVERSION = YES;
				CLANG_WARN_COMMA = YES;
				CLANG_WARN_CONSTANT_CONVERSION = YES;
				CLANG_WARN_DEPRECATED_OBJC_IMPLEMENTATIONS = YES;
				CLANG_WARN_DIRECT_OBJC_ISA_USAGE = YES_ERROR;
				CLANG_WARN_DOCUMENTATION_COMMENTS = YES;
				CLANG_WARN_EMPTY_BODY = YES;
				CLANG_WARN_ENUM_CONVERSION = YES;
				CLANG_WARN_INFINITE_RECURSION = YES;
				CLANG_WARN_INT_CONVERSION = YES;
				CLANG_WARN_NON_LITERAL_NULL_CONVERSION = YES;
				CLANG_WARN_OBJC_IMPLICIT_RETAIN_SELF = YES;
				CLANG_WARN_OBJC_LITERAL_CONVERSION = YES;
				CLANG_WARN_OBJC_ROOT_CLASS = YES_ERROR;
				CLANG_WARN_QUOTED_INCLUDE_IN_FRAMEWORK_HEADER = YES;
				CLANG_WARN_RANGE_LOOP_ANALYSIS = YES;
				CLANG_WARN_STRICT_PROTOTYPES = YES;
				CLANG_WARN_SUSPICIOUS_MOVE = YES;
				CLANG_WARN_UNGUARDED_AVAILABILITY = YES_AGGRESSIVE;
				CLANG_WARN_UNREACHABLE_CODE = YES;
				CLANG_WARN__DUPLICATE_METHOD_MATCH = YES;
				COPY_PHASE_STRIP = NO;
				DEBUG_INFORMATION_FORMAT = "dwarf-with-dsym";
				ENABLE_NS_ASSERTIONS = NO;
				ENABLE_STRICT_OBJC_MSGSEND = YES;
				ENABLE_USER_SCRIPT_SANDBOXING = YES;
				GCC_C_LANGUAGE_STANDARD = gnu17;
				GCC_NO_COMMON_BLOCKS = YES;
				GCC_WARN_64_TO_32_BIT_CONVERSION = YES;
				GCC_WARN_ABOUT_RETURN_TYPE = YES_ERROR;
				GCC_WARN_UNDECLARED_SELECTOR = YES;
				GCC_WARN_UNINITIALIZED_AUTOS = YES_AGGRESSIVE;
				GCC_WARN_UNUSED_FUNCTION = YES;
				GCC_WARN_UNUSED_VARIABLE = YES;
				IPHONEOS_DEPLOYMENT_TARGET = 17.0;
				LOCALIZATION_PREFERS_STRING_CATALOGS = YES;
				MTL_ENABLE_DEBUG_INFO = NO;
				MTL_FAST_MATH = YES;
				SDKROOT = iphoneos;
				SWIFT_COMPILATION_MODE = wholemodule;
				VALIDATE_PRODUCT = YES;
			};
			name = Release;
		};
		225B46262DD7049400AFFC0A /* Debug */ = {
			isa = XCBuildConfiguration;
			buildSettings = {
				ASSETCATALOG_COMPILER_APPICON_NAME = AppIcon;
				ASSETCATALOG_COMPILER_GLOBAL_ACCENT_COLOR_NAME = AccentColor;
				CODE_SIGN_STYLE = Automatic;
				CURRENT_PROJECT_VERSION = 1;
				GENERATE_INFOPLIST_FILE = YES;
				INFOPLIST_FILE = ScoreSphere/Info.plist;
				INFOPLIST_KEY_UIApplicationSupportsIndirectInputEvents = YES;
				INFOPLIST_KEY_UILaunchStoryboardName = LaunchScreen;
				INFOPLIST_KEY_UIMainStoryboardFile = Main;
				INFOPLIST_KEY_UISupportedInterfaceOrientations_iPad = "UIInterfaceOrientationPortrait UIInterfaceOrientationPortraitUpsideDown UIInterfaceOrientationLandscapeLeft UIInterfaceOrientationLandscapeRight";
				INFOPLIST_KEY_UISupportedInterfaceOrientations_iPhone = "UIInterfaceOrientationPortrait UIInterfaceOrientationLandscapeLeft UIInterfaceOrientationLandscapeRight";
				IPHONEOS_DEPLOYMENT_TARGET = 15.0;
				LD_RUNPATH_SEARCH_PATHS = (
					"$(inherited)",
					"@executable_path/Frameworks",
				);
				MARKETING_VERSION = 1.0;
				PRODUCT_BUNDLE_IDENTIFIER = iti.ScoreSphere;
				PRODUCT_NAME = "$(TARGET_NAME)";
				SWIFT_EMIT_LOC_STRINGS = YES;
				SWIFT_VERSION = 5.0;
				TARGETED_DEVICE_FAMILY = "1,2";
			};
			name = Debug;
		};
		225B46272DD7049400AFFC0A /* Release */ = {
			isa = XCBuildConfiguration;
			buildSettings = {
				ASSETCATALOG_COMPILER_APPICON_NAME = AppIcon;
				ASSETCATALOG_COMPILER_GLOBAL_ACCENT_COLOR_NAME = AccentColor;
				CODE_SIGN_STYLE = Automatic;
				CURRENT_PROJECT_VERSION = 1;
				GENERATE_INFOPLIST_FILE = YES;
				INFOPLIST_FILE = ScoreSphere/Info.plist;
				INFOPLIST_KEY_UIApplicationSupportsIndirectInputEvents = YES;
				INFOPLIST_KEY_UILaunchStoryboardName = LaunchScreen;
				INFOPLIST_KEY_UIMainStoryboardFile = Main;
				INFOPLIST_KEY_UISupportedInterfaceOrientations_iPad = "UIInterfaceOrientationPortrait UIInterfaceOrientationPortraitUpsideDown UIInterfaceOrientationLandscapeLeft UIInterfaceOrientationLandscapeRight";
				INFOPLIST_KEY_UISupportedInterfaceOrientations_iPhone = "UIInterfaceOrientationPortrait UIInterfaceOrientationLandscapeLeft UIInterfaceOrientationLandscapeRight";
				IPHONEOS_DEPLOYMENT_TARGET = 15.0;
				LD_RUNPATH_SEARCH_PATHS = (
					"$(inherited)",
					"@executable_path/Frameworks",
				);
				MARKETING_VERSION = 1.0;
				PRODUCT_BUNDLE_IDENTIFIER = iti.ScoreSphere;
				PRODUCT_NAME = "$(TARGET_NAME)";
				SWIFT_EMIT_LOC_STRINGS = YES;
				SWIFT_VERSION = 5.0;
				TARGETED_DEVICE_FAMILY = "1,2";
			};
			name = Release;
		};
/* End XCBuildConfiguration section */

/* Begin XCConfigurationList section */
		225B46092DD7049200AFFC0A /* Build configuration list for PBXProject "ScoreSphere" */ = {
			isa = XCConfigurationList;
			buildConfigurations = (
				225B46232DD7049400AFFC0A /* Debug */,
				225B46242DD7049400AFFC0A /* Release */,
			);
			defaultConfigurationIsVisible = 0;
			defaultConfigurationName = Release;
		};
		225B46252DD7049400AFFC0A /* Build configuration list for PBXNativeTarget "ScoreSphere" */ = {
			isa = XCConfigurationList;
			buildConfigurations = (
				225B46262DD7049400AFFC0A /* Debug */,
				225B46272DD7049400AFFC0A /* Release */,
			);
			defaultConfigurationIsVisible = 0;
			defaultConfigurationName = Release;
		};
/* End XCConfigurationList section */

/* Begin XCRemoteSwiftPackageReference section */
		22DC65032DD783D500E5DCFC /* XCRemoteSwiftPackageReference "Alamofire" */ = {
			isa = XCRemoteSwiftPackageReference;
			repositoryURL = "https://github.com/Alamofire/Alamofire.git";
			requirement = {
				kind = upToNextMajorVersion;
				minimumVersion = 5.10.2;
			};
		};
		22DC65082DD783EE00E5DCFC /* XCRemoteSwiftPackageReference "SDWebImage" */ = {
			isa = XCRemoteSwiftPackageReference;
			repositoryURL = "https://github.com/SDWebImage/SDWebImage.git";
			requirement = {
				kind = upToNextMajorVersion;
				minimumVersion = 5.21.0;
			};
		};
/* End XCRemoteSwiftPackageReference section */

/* Begin XCSwiftPackageProductDependency section */
		22DC65042DD783D500E5DCFC /* Alamofire */ = {
			isa = XCSwiftPackageProductDependency;
			package = 22DC65032DD783D500E5DCFC /* XCRemoteSwiftPackageReference "Alamofire" */;
			productName = Alamofire;
		};
		22DC65062DD783D500E5DCFC /* AlamofireDynamic */ = {
			isa = XCSwiftPackageProductDependency;
			package = 22DC65032DD783D500E5DCFC /* XCRemoteSwiftPackageReference "Alamofire" */;
			productName = AlamofireDynamic;
		};
		22DC65092DD783EE00E5DCFC /* SDWebImage */ = {
			isa = XCSwiftPackageProductDependency;
			package = 22DC65082DD783EE00E5DCFC /* XCRemoteSwiftPackageReference "SDWebImage" */;
			productName = SDWebImage;
		};
		22DC650B2DD783EE00E5DCFC /* SDWebImageMapKit */ = {
			isa = XCSwiftPackageProductDependency;
			package = 22DC65082DD783EE00E5DCFC /* XCRemoteSwiftPackageReference "SDWebImage" */;
			productName = SDWebImageMapKit;
		};
/* End XCSwiftPackageProductDependency section */

/* Begin XCVersionGroup section */
		225B461A2DD7049200AFFC0A /* ScoreSphere.xcdatamodeld */ = {
			isa = XCVersionGroup;
			children = (
				225B461B2DD7049200AFFC0A /* ScoreSphere.xcdatamodel */,
			);
			currentVersion = 225B461B2DD7049200AFFC0A /* ScoreSphere.xcdatamodel */;
			path = ScoreSphere.xcdatamodeld;
			sourceTree = "<group>";
			versionGroupType = wrapper.xcdatamodel;
		};
/* End XCVersionGroup section */
	};
	rootObject = 225B46062DD7049200AFFC0A /* Project object */;
}
